{
  "name": "practice",
  "version": "1.0.0",
  "lockfileVersion": 1,
  "requires": true,
  "dependencies": {
    "log-prefix": {
      "version": "0.1.1",
      "resolved": "https://registry.npmjs.org/log-prefix/-/log-prefix-0.1.1.tgz",
      "integrity": "sha512-aP1Lst8OCdZKATqzXDN0JBissNVZuiKLyo6hOXDBxaQ1jHDsaxh2J1i5Pp0zMy6ayTKDWfUlLMXyLaQe1PJ48g=="
    },
    "log-timestamp": {
      "version": "0.3.0",
      "resolved": "https://registry.npmjs.org/log-timestamp/-/log-timestamp-0.3.0.tgz",
      "integrity": "sha512-luRz6soxijd1aJh0GkLXFjKABihxthvTfWTzu3XhCgg5EivG2bsTpSd63QFbUgS+/KmFtL+0RfSpeaD2QvOV8Q==",
      "requires": {
        "log-prefix": "0.1.1"
      }
    },
    "text-file-follower": {
      "version": "0.1.0",
      "resolved": "https://registry.npmjs.org/text-file-follower/-/text-file-follower-0.1.0.tgz",
      "integrity": "sha1-Uq9CuKReu1rhC6qeYU0wm26PkMI=",
      "requires": {
        "underscore": "1.x.x",
        "watchit": "0.x.x"
      }
    },
    "underscore": {
      "version": "1.10.2",
      "resolved": "https://registry.npmjs.org/underscore/-/underscore-1.10.2.tgz",
      "integrity": "sha512-N4P+Q/BuyuEKFJ43B9gYuOj4TQUHXX+j2FqguVOpjkssLUUrnJofCcBccJSCoeturDoZU6GorDTHSvUDlSQbTg=="
    },
    "watchit": {
      "version": "0.0.4",
      "resolved": "https://registry.npmjs.org/watchit/-/watchit-0.0.4.tgz",
      "integrity": "sha1-m6BI5++WBi0OyxvgWd2v7dXfVBY="
    }
  }
}
